
Microsoft Visual Studio Solution File, Format Version 12.00
# Visual Studio Version 17
VisualStudioVersion = 17.13.35828.75 d17.13
MinimumVisualStudioVersion = 10.0.40219.1
Project("{FAE04EC0-301F-11D3-BF4B-00C04F79EFBC}") = "c#2", "c#2\c#2.csproj", "{DCCDA6D7-42FF-4CC9-9408-BF1C7A65C802}"
EndProject
Global
	GlobalSection(SolutionConfigurationPlatforms) = preSolution
		Debug|Any CPU = Debug|Any CPU
		Release|Any CPU = Release|Any CPU
	EndGlobalSection
	GlobalSection(ProjectConfigurationPlatforms) = postSolution
		{DCCDA6D7-42FF-4CC9-9408-BF1C7A65C802}.Debug|Any CPU.ActiveCfg = Debug|Any CPU
		{DCCDA6D7-42FF-4CC9-9408-BF1C7A65C802}.Debug|Any CPU.Build.0 = Debug|Any CPU
		{DCCDA6D7-42FF-4CC9-9408-BF1C7A65C802}.Release|Any CPU.ActiveCfg = Release|Any CPU
		{DCCDA6D7-42FF-4CC9-9408-BF1C7A65C802}.Release|Any CPU.Build.0 = Release|Any CPU
	EndGlobalSection
	GlobalSection(SolutionProperties) = preSolution
		HideSolutionNode = FALSE
	EndGlobalSection
	GlobalSection(ExtensibilityGlobals) = postSolution
		SolutionGuid = {6871993B-AA92-42CB-A075-A3308195547F}
	EndGlobalSection
EndGlobal
